
Microsoft Visual Studio Solution File, Format Version 12.00
# Visual Studio Version 16
VisualStudioVersion = 16.0.30711.63
MinimumVisualStudioVersion = 10.0.40219.1
Project("{FAE04EC0-301F-11D3-BF4B-00C04F79EFBC}") = "PonyXamarinCustomerRenderWPF", "PonyXamarinCustomerRenderWPF\PonyXamarinCustomerRenderWPF.csproj", "{FC6B81BD-578C-4863-BED8-38D0B8C9B151}"
EndProject
Project("{FAE04EC0-301F-11D3-BF4B-00C04F79EFBC}") = "PonyXamarinCustomerRenderForm", "PonyXamarinCustomerRenderForm\PonyXamarinCustomerRenderForm.csproj", "{AD7E38CE-B33A-4543-A51B-FB1F078A445C}"
EndProject
Project("{2150E333-8FDC-42A3-9474-1A3956D46DE8}") = "Solution Items", "Solution Items", "{A84C4F04-A893-4E85-99E3-D678EA92E9D6}"
	ProjectSection(SolutionItems) = preProject
		README.md = README.md
		README.md.odt = README.md.odt
	EndProjectSection
EndProject
Global
	GlobalSection(SolutionConfigurationPlatforms) = preSolution
		Debug|Any CPU = Debug|Any CPU
		Release|Any CPU = Release|Any CPU
	EndGlobalSection
	GlobalSection(ProjectConfigurationPlatforms) = postSolution
		{FC6B81BD-578C-4863-BED8-38D0B8C9B151}.Debug|Any CPU.ActiveCfg = Debug|Any CPU
		{FC6B81BD-578C-4863-BED8-38D0B8C9B151}.Debug|Any CPU.Build.0 = Debug|Any CPU
		{FC6B81BD-578C-4863-BED8-38D0B8C9B151}.Release|Any CPU.ActiveCfg = Release|Any CPU
		{FC6B81BD-578C-4863-BED8-38D0B8C9B151}.Release|Any CPU.Build.0 = Release|Any CPU
		{AD7E38CE-B33A-4543-A51B-FB1F078A445C}.Debug|Any CPU.ActiveCfg = Debug|Any CPU
		{AD7E38CE-B33A-4543-A51B-FB1F078A445C}.Debug|Any CPU.Build.0 = Debug|Any CPU
		{AD7E38CE-B33A-4543-A51B-FB1F078A445C}.Release|Any CPU.ActiveCfg = Release|Any CPU
		{AD7E38CE-B33A-4543-A51B-FB1F078A445C}.Release|Any CPU.Build.0 = Release|Any CPU
	EndGlobalSection
	GlobalSection(SolutionProperties) = preSolution
		HideSolutionNode = FALSE
	EndGlobalSection
	GlobalSection(ExtensibilityGlobals) = postSolution
		SolutionGuid = {283A4AA0-C403-4541-AB4A-43442CA613EB}
	EndGlobalSection
EndGlobal
